
Microsoft Visual Studio Solution File, Format Version 12.00
# Visual Studio Version 17
VisualStudioVersion = 17.9.34622.214
MinimumVisualStudioVersion = 10.0.40219.1
Project("{9A19103F-16F7-4668-BE54-9A1E7A4F7556}") = "AppCommonServices.Domain", "AppCommonServices.Domain\AppCommonServices.Domain.csproj", "{F1B10E76-2742-4E49-AAD2-32AB326E95F7}"
EndProject
Project("{9A19103F-16F7-4668-BE54-9A1E7A4F7556}") = "AppCommonServices.Application", "AppCommonServices.Application\AppCommonServices.Application.csproj", "{68FA9F05-B561-4C94-8D1E-2B6C1B487F71}"
EndProject
Project("{9A19103F-16F7-4668-BE54-9A1E7A4F7556}") = "AppCommonServices.Infrastructure", "AppCommonServices.Infrastructure\AppCommonServices.Infrastructure.csproj", "{1619DEFA-71CD-4E7A-9E2E-A908802805FB}"
EndProject
Project("{9A19103F-16F7-4668-BE54-9A1E7A4F7556}") = "AppCommonServices.Test", "AppCommonServices.Test\AppCommonServices.Test.csproj", "{4639B5F1-C83E-4D43-AD04-06644972CCEB}"
EndProject
Project("{9A19103F-16F7-4668-BE54-9A1E7A4F7556}") = "AppCommonServices.WebAPI", "AppCommonServices.WebAPI\AppCommonServices.WebAPI.csproj", "{BB77B5D0-4A0F-4490-AE0D-D65E086C8EED}"
EndProject
Global
	GlobalSection(SolutionConfigurationPlatforms) = preSolution
		Debug|Any CPU = Debug|Any CPU
		Release|Any CPU = Release|Any CPU
	EndGlobalSection
	GlobalSection(ProjectConfigurationPlatforms) = postSolution
		{F1B10E76-2742-4E49-AAD2-32AB326E95F7}.Debug|Any CPU.ActiveCfg = Debug|Any CPU
		{F1B10E76-2742-4E49-AAD2-32AB326E95F7}.Debug|Any CPU.Build.0 = Debug|Any CPU
		{F1B10E76-2742-4E49-AAD2-32AB326E95F7}.Release|Any CPU.ActiveCfg = Release|Any CPU
		{F1B10E76-2742-4E49-AAD2-32AB326E95F7}.Release|Any CPU.Build.0 = Release|Any CPU
		{68FA9F05-B561-4C94-8D1E-2B6C1B487F71}.Debug|Any CPU.ActiveCfg = Debug|Any CPU
		{68FA9F05-B561-4C94-8D1E-2B6C1B487F71}.Debug|Any CPU.Build.0 = Debug|Any CPU
		{68FA9F05-B561-4C94-8D1E-2B6C1B487F71}.Release|Any CPU.ActiveCfg = Release|Any CPU
		{68FA9F05-B561-4C94-8D1E-2B6C1B487F71}.Release|Any CPU.Build.0 = Release|Any CPU
		{1619DEFA-71CD-4E7A-9E2E-A908802805FB}.Debug|Any CPU.ActiveCfg = Debug|Any CPU
		{1619DEFA-71CD-4E7A-9E2E-A908802805FB}.Debug|Any CPU.Build.0 = Debug|Any CPU
		{1619DEFA-71CD-4E7A-9E2E-A908802805FB}.Release|Any CPU.ActiveCfg = Release|Any CPU
		{1619DEFA-71CD-4E7A-9E2E-A908802805FB}.Release|Any CPU.Build.0 = Release|Any CPU
		{4639B5F1-C83E-4D43-AD04-06644972CCEB}.Debug|Any CPU.ActiveCfg = Debug|Any CPU
		{4639B5F1-C83E-4D43-AD04-06644972CCEB}.Debug|Any CPU.Build.0 = Debug|Any CPU
		{4639B5F1-C83E-4D43-AD04-06644972CCEB}.Release|Any CPU.ActiveCfg = Release|Any CPU
		{4639B5F1-C83E-4D43-AD04-06644972CCEB}.Release|Any CPU.Build.0 = Release|Any CPU
		{BB77B5D0-4A0F-4490-AE0D-D65E086C8EED}.Debug|Any CPU.ActiveCfg = Debug|Any CPU
		{BB77B5D0-4A0F-4490-AE0D-D65E086C8EED}.Debug|Any CPU.Build.0 = Debug|Any CPU
		{BB77B5D0-4A0F-4490-AE0D-D65E086C8EED}.Release|Any CPU.ActiveCfg = Release|Any CPU
		{BB77B5D0-4A0F-4490-AE0D-D65E086C8EED}.Release|Any CPU.Build.0 = Release|Any CPU
	EndGlobalSection
	GlobalSection(SolutionProperties) = preSolution
		HideSolutionNode = FALSE
	EndGlobalSection
	GlobalSection(ExtensibilityGlobals) = postSolution
		SolutionGuid = {23F3F260-F211-40A2-B86F-711085C63B5E}
	EndGlobalSection
EndGlobal
